Microsoft Visual Studio Solution File, Format Version 12.00
# Visual Studio Version 17
VisualStudioVersion = 17.13.35919.96
MinimumVisualStudioVersion = 10.0.40219.1
Project("{FAE04EC0-301F-11D3-BF4B-00C04F79EFBC}") = "DocBienSoXe", "DocBienSoXe\DocBienSoXe.csproj", "{B34ADE45-EF3B-4133-862D-B2BCA1037B8D}"
EndProject
Global
	GlobalSection(SolutionConfigurationPlatforms) = preSolution
		Debug|Any CPU = Debug|Any CPU
		Release|Any CPU = Release|Any CPU
	EndGlobalSection
	GlobalSection(ProjectConfigurationPlatforms) = postSolution
		{B34ADE45-EF3B-4133-862D-B2BCA1037B8D}.Debug|Any CPU.ActiveCfg = Debug|Any CPU
		{B34ADE45-EF3B-4133-862D-B2BCA1037B8D}.Debug|Any CPU.Build.0 = Debug|Any CPU
		{B34ADE45-EF3B-4133-862D-B2BCA1037B8D}.Release|Any CPU.ActiveCfg = Release|Any CPU
		{B34ADE45-EF3B-4133-862D-B2BCA1037B8D}.Release|Any CPU.Build.0 = Release|Any CPU
	EndGlobalSection
	GlobalSection(SolutionProperties) = preSolution
		HideSolutionNode = FALSE
	EndGlobalSection
	GlobalSection(ExtensibilityGlobals) = postSolution
		SolutionGuid = {8A9A79AC-596C-43B4-9E04-F67C3585F9D9}
	EndGlobalSection
EndGlobal
